
Microsoft Visual Studio Solution File, Format Version 12.00
# Visual Studio Version 16
VisualStudioVersion = 16.0.29613.14
MinimumVisualStudioVersion = 10.0.40219.1
Project("{FAE04EC0-301F-11D3-BF4B-00C04F79EFBC}") = "TestWebApp", "TestWebApp\TestWebApp.csproj", "{174C8C7C-4277-4B09-A9B0-6AEEDAAFB89E}"
EndProject
Project("{FAE04EC0-301F-11D3-BF4B-00C04F79EFBC}") = "TestWebApp.Tests", "TestWebApp.Tests\TestWebApp.Tests.csproj", "{C6980EF0-6942-4E60-9A53-F6003A8F1D20}"
EndProject
Global
	GlobalSection(SolutionConfigurationPlatforms) = preSolution
		Debug|Any CPU = Debug|Any CPU
		Release|Any CPU = Release|Any CPU
	EndGlobalSection
	GlobalSection(ProjectConfigurationPlatforms) = postSolution
		{174C8C7C-4277-4B09-A9B0-6AEEDAAFB89E}.Debug|Any CPU.ActiveCfg = Debug|Any CPU
		{174C8C7C-4277-4B09-A9B0-6AEEDAAFB89E}.Debug|Any CPU.Build.0 = Debug|Any CPU
		{174C8C7C-4277-4B09-A9B0-6AEEDAAFB89E}.Release|Any CPU.ActiveCfg = Release|Any CPU
		{174C8C7C-4277-4B09-A9B0-6AEEDAAFB89E}.Release|Any CPU.Build.0 = Release|Any CPU
		{C6980EF0-6942-4E60-9A53-F6003A8F1D20}.Debug|Any CPU.ActiveCfg = Debug|Any CPU
		{C6980EF0-6942-4E60-9A53-F6003A8F1D20}.Debug|Any CPU.Build.0 = Debug|Any CPU
		{C6980EF0-6942-4E60-9A53-F6003A8F1D20}.Release|Any CPU.ActiveCfg = Release|Any CPU
		{C6980EF0-6942-4E60-9A53-F6003A8F1D20}.Release|Any CPU.Build.0 = Release|Any CPU
	EndGlobalSection
	GlobalSection(SolutionProperties) = preSolution
		HideSolutionNode = FALSE
	EndGlobalSection
	GlobalSection(ExtensibilityGlobals) = postSolution
		SolutionGuid = {28033E9F-7ABD-4464-A4A0-6F3124B25BE2}
	EndGlobalSection
EndGlobal
